
Microsoft Visual Studio Solution File, Format Version 12.00
# Visual Studio Version 16
VisualStudioVersion = 16.0.31005.135
MinimumVisualStudioVersion = 10.0.40219.1
Project("{FAE04EC0-301F-11D3-BF4B-00C04F79EFBC}") = "ejercicio 1 clase 4 progra", "ejercicio 1 clase 4 progra\ejercicio 1 clase 4 progra.csproj", "{31CEAA9C-8948-4807-9069-0F79FAA990A3}"
EndProject
Global
	GlobalSection(SolutionConfigurationPlatforms) = preSolution
		Debug|Any CPU = Debug|Any CPU
		Release|Any CPU = Release|Any CPU
	EndGlobalSection
	GlobalSection(ProjectConfigurationPlatforms) = postSolution
		{31CEAA9C-8948-4807-9069-0F79FAA990A3}.Debug|Any CPU.ActiveCfg = Debug|Any CPU
		{31CEAA9C-8948-4807-9069-0F79FAA990A3}.Debug|Any CPU.Build.0 = Debug|Any CPU
		{31CEAA9C-8948-4807-9069-0F79FAA990A3}.Release|Any CPU.ActiveCfg = Release|Any CPU
		{31CEAA9C-8948-4807-9069-0F79FAA990A3}.Release|Any CPU.Build.0 = Release|Any CPU
	EndGlobalSection
	GlobalSection(SolutionProperties) = preSolution
		HideSolutionNode = FALSE
	EndGlobalSection
	GlobalSection(ExtensibilityGlobals) = postSolution
		SolutionGuid = {DA782318-F405-4B4E-ADC0-17E40736669E}
	EndGlobalSection
EndGlobal
